<?xml version="1.0" encoding="utf-8"?>
<Project ToolsVersion="4.0" xmlns="http://schemas.microsoft.com/developer/msbuild/2003">
  <ItemGroup>
    <Filter Include="Source Files">
      <UniqueIdentifier>{d56c0df0-b8b8-43b3-ae01-514df69c36e7}</UniqueIdentifier>
      <Extensions>cpp;c;cxx;rc;def;r;odl;idl;hpj;bat;for;f90</Extensions>
    </Filter>
    <Filter Include="Source Files\hl">
      <UniqueIdentifier>{e4517f3c-9e26-4af8-ad74-e1a28bd5a3b2}</UniqueIdentifier>
      <Extensions>*.CPP</Extensions>
    </Filter>
    <Filter Include="Header Files">
      <UniqueIdentifier>{b030bfbe-5878-4fb1-9fd1-bdb06f10164b}</UniqueIdentifier>
      <Extensions>h;hpp;hxx;hm;inl;fi;fd</Extensions>
    </Filter>
    <Filter Include="Resource Files">
      <UniqueIdentifier>{28956c7e-c473-4b07-aa43-d26083eec960}</UniqueIdentifier>
      <Extensions>ico;cur;bmp;dlg;rc2;rct;bin;cnt;rtf;gif;jpg;jpeg;jpe</Extensions>
    </Filter>
  </ItemGroup>
  <ItemGroup>
    <ClCompile Include="ammo.cpp">
      <Filter>Source Files</Filter>
    </ClCompile>
    <ClCompile Include="ammo_secondary.cpp">
      <Filter>Source Files</Filter>
    </ClCompile>
    <ClCompile Include="ammohistory.cpp">
      <Filter>Source Files</Filter>
    </ClCompile>
    <ClCompile Include="battery.cpp">
      <Filter>Source Files</Filter>
    </ClCompile>
    <ClCompile Include="bb_blood.cpp">
      <Filter>Source Files</Filter>
    </ClCompile>
    <ClCompile Include="cdll_int.cpp">
      <Filter>Source Files</Filter>
    </ClCompile>
    <ClCompile Include="com_weapons.cpp">
      <Filter>Source Files</Filter>
    </ClCompile>
    <ClCompile Include="death.cpp">
      <Filter>Source Files</Filter>
    </ClCompile>
    <ClCompile Include="demo.cpp">
      <Filter>Source Files</Filter>
    </ClCompile>
    <ClCompile Include="entity.cpp">
      <Filter>Source Files</Filter>
    </ClCompile>
    <ClCompile Include="ev_common.cpp">
      <Filter>Source Files</Filter>
    </ClCompile>
    <ClCompile Include="events.cpp">
      <Filter>Source Files</Filter>
    </ClCompile>
    <ClCompile Include="flashlight.cpp">
      <Filter>Source Files</Filter>
    </ClCompile>
    <ClCompile Include="GameStudioModelRenderer.cpp">
      <Filter>Source Files</Filter>
    </ClCompile>
    <ClCompile Include="geiger.cpp">
      <Filter>Source Files</Filter>
    </ClCompile>
    <ClCompile Include="health.cpp">
      <Filter>Source Files</Filter>
    </ClCompile>
    <ClCompile Include="hud.cpp">
      <Filter>Source Files</Filter>
    </ClCompile>
    <ClCompile Include="hud_msg.cpp">
      <Filter>Source Files</Filter>
    </ClCompile>
    <ClCompile Include="hud_redraw.cpp">
      <Filter>Source Files</Filter>
    </ClCompile>
    <ClCompile Include="hud_servers.cpp">
      <Filter>Source Files</Filter>
    </ClCompile>
    <ClCompile Include="hud_spectator.cpp">
      <Filter>Source Files</Filter>
    </ClCompile>
    <ClCompile Include="hud_update.cpp">
      <Filter>Source Files</Filter>
    </ClCompile>
    <ClCompile Include="in_camera.cpp">
      <Filter>Source Files</Filter>
    </ClCompile>
    <ClCompile Include="input.cpp">
      <Filter>Source Files</Filter>
    </ClCompile>
    <ClCompile Include="inputw32.cpp">
      <Filter>Source Files</Filter>
    </ClCompile>
    <ClCompile Include="menu.cpp">
      <Filter>Source Files</Filter>
    </ClCompile>
    <ClCompile Include="message.cpp">
      <Filter>Source Files</Filter>
    </ClCompile>
    <ClCompile Include="overview.cpp">
      <Filter>Source Files</Filter>
    </ClCompile>
    <ClCompile Include="parsemsg.cpp">
      <Filter>Source Files</Filter>
    </ClCompile>
    <ClCompile Include="pe_counter.cpp">
      <Filter>Source Files</Filter>
    </ClCompile>
    <ClCompile Include="pe_fader.cpp">
      <Filter>Source Files</Filter>
    </ClCompile>
    <ClCompile Include="pe_font.cpp">
      <Filter>Source Files</Filter>
    </ClCompile>
    <ClCompile Include="pe_helper.cpp">
      <Filter>Source Files</Filter>
    </ClCompile>
    <ClCompile Include="pe_lensflare.cpp">
      <Filter>Source Files</Filter>
    </ClCompile>
    <ClCompile Include="pe_music.cpp">
      <Filter>Source Files</Filter>
    </ClCompile>
    <ClCompile Include="pe_notify.cpp">
      <Filter>Source Files</Filter>
    </ClCompile>
    <ClCompile Include="pe_pointmgr.cpp">
      <Filter>Source Files</Filter>
    </ClCompile>
    <ClCompile Include="pe_radar.cpp">
      <Filter>Source Files</Filter>
    </ClCompile>
    <ClCompile Include="..\pm_shared\pm_debug.c">
      <Filter>Source Files</Filter>
    </ClCompile>
    <ClCompile Include="..\pm_shared\pm_math.c">
      <Filter>Source Files</Filter>
    </ClCompile>
    <ClCompile Include="..\pm_shared\pm_shared.c">
      <Filter>Source Files</Filter>
    </ClCompile>
    <ClCompile Include="saytext.cpp">
      <Filter>Source Files</Filter>
    </ClCompile>
    <ClCompile Include="status_icons.cpp">
      <Filter>Source Files</Filter>
    </ClCompile>
    <ClCompile Include="statusbar.cpp">
      <Filter>Source Files</Filter>
    </ClCompile>
    <ClCompile Include="studio_util.cpp">
      <Filter>Source Files</Filter>
    </ClCompile>
    <ClCompile Include="StudioModelRenderer.cpp">
      <Filter>Source Files</Filter>
    </ClCompile>
    <ClCompile Include="text_message.cpp">
      <Filter>Source Files</Filter>
    </ClCompile>
    <ClCompile Include="train.cpp">
      <Filter>Source Files</Filter>
    </ClCompile>
    <ClCompile Include="tri.cpp">
      <Filter>Source Files</Filter>
    </ClCompile>
    <ClCompile Include="util.cpp">
      <Filter>Source Files</Filter>
    </ClCompile>
    <ClCompile Include="..\game_shared\vgui_checkbutton2.cpp">
      <Filter>Source Files</Filter>
    </ClCompile>
    <ClCompile Include="vgui_ClassMenu.cpp">
      <Filter>Source Files</Filter>
    </ClCompile>
    <ClCompile Include="vgui_ConsolePanel.cpp">
      <Filter>Source Files</Filter>
    </ClCompile>
    <ClCompile Include="vgui_ControlConfigPanel.cpp">
      <Filter>Source Files</Filter>
    </ClCompile>
    <ClCompile Include="vgui_CustomObjects.cpp">
      <Filter>Source Files</Filter>
    </ClCompile>
    <ClCompile Include="vgui_equip.cpp">
      <Filter>Source Files</Filter>
    </ClCompile>
    <ClCompile Include="..\game_shared\vgui_grid.cpp">
      <Filter>Source Files</Filter>
    </ClCompile>
    <ClCompile Include="..\game_shared\vgui_helpers.cpp">
      <Filter>Source Files</Filter>
    </ClCompile>
    <ClCompile Include="vgui_int.cpp">
      <Filter>Source Files</Filter>
    </ClCompile>
    <ClCompile Include="..\game_shared\vgui_listbox.cpp">
      <Filter>Source Files</Filter>
    </ClCompile>
    <ClCompile Include="..\game_shared\vgui_loadtga.cpp">
      <Filter>Source Files</Filter>
    </ClCompile>
    <ClCompile Include="vgui_MOTDWindow.cpp">
      <Filter>Source Files</Filter>
    </ClCompile>
    <ClCompile Include="vgui_SchemeManager.cpp">
      <Filter>Source Files</Filter>
    </ClCompile>
    <ClCompile Include="vgui_ScorePanel.cpp">
      <Filter>Source Files</Filter>
    </ClCompile>
    <ClCompile Include="vgui_ServerBrowser.cpp">
      <Filter>Source Files</Filter>
    </ClCompile>
    <ClCompile Include="vgui_SpectatorPanel.cpp">
      <Filter>Source Files</Filter>
    </ClCompile>
    <ClCompile Include="vgui_TeamFortressViewport.cpp">
      <Filter>Source Files</Filter>
    </ClCompile>
    <ClCompile Include="vgui_teammenu.cpp">
      <Filter>Source Files</Filter>
    </ClCompile>
    <ClCompile Include="view.cpp">
      <Filter>Source Files</Filter>
    </ClCompile>
    <ClCompile Include="..\dlls\bb_wpn_flame.cpp">
      <Filter>Source Files\hl</Filter>
    </ClCompile>
    <ClCompile Include="..\dlls\bb_wpn_hand.cpp">
      <Filter>Source Files\hl</Filter>
    </ClCompile>
    <ClCompile Include="ev_hldm.cpp">
      <Filter>Source Files\hl</Filter>
    </ClCompile>
    <ClCompile Include="hl\hl_baseentity.cpp">
      <Filter>Source Files\hl</Filter>
    </ClCompile>
    <ClCompile Include="hl\hl_events.cpp">
      <Filter>Source Files\hl</Filter>
    </ClCompile>
    <ClCompile Include="hl\hl_objects.cpp">
      <Filter>Source Files\hl</Filter>
    </ClCompile>
    <ClCompile Include="hl\hl_weapons.cpp">
      <Filter>Source Files\hl</Filter>
    </ClCompile>
    <ClCompile Include="..\common\interface.cpp">
      <Filter>Source Files\hl</Filter>
    </ClCompile>
    <ClCompile Include="..\dlls\pe_wpn_ak47.cpp">
      <Filter>Source Files\hl</Filter>
    </ClCompile>
    <ClCompile Include="..\dlls\pe_wpn_benelli.cpp">
      <Filter>Source Files\hl</Filter>
    </ClCompile>
    <ClCompile Include="..\dlls\pe_wpn_beretta.cpp">
      <Filter>Source Files\hl</Filter>
    </ClCompile>
    <ClCompile Include="..\dlls\pe_wpn_beretta_a.cpp">
      <Filter>Source Files\hl</Filter>
    </ClCompile>
    <ClCompile Include="..\dlls\pe_wpn_deagle.cpp">
      <Filter>Source Files\hl</Filter>
    </ClCompile>
    <ClCompile Include="..\dlls\pe_wpn_glock.cpp">
      <Filter>Source Files\hl</Filter>
    </ClCompile>
    <ClCompile Include="..\dlls\pe_wpn_glock_auto_a.cpp">
      <Filter>Source Files\hl</Filter>
    </ClCompile>
    <ClCompile Include="..\dlls\pe_wpn_hegrenade.cpp">
      <Filter>Source Files\hl</Filter>
    </ClCompile>
    <ClCompile Include="..\dlls\pe_wpn_knife.cpp">
      <Filter>Source Files\hl</Filter>
    </ClCompile>
    <ClCompile Include="..\dlls\pe_wpn_m16.cpp">
      <Filter>Source Files\hl</Filter>
    </ClCompile>
    <ClCompile Include="..\dlls\pe_wpn_microuzi.cpp">
      <Filter>Source Files\hl</Filter>
    </ClCompile>
    <ClCompile Include="..\dlls\pe_wpn_microuzi_a.cpp">
      <Filter>Source Files\hl</Filter>
    </ClCompile>
    <ClCompile Include="..\dlls\pe_wpn_minigun.cpp">
      <Filter>Source Files\hl</Filter>
    </ClCompile>
    <ClCompile Include="..\dlls\pe_wpn_mp5_10.cpp">
      <Filter>Source Files\hl</Filter>
    </ClCompile>
    <ClCompile Include="..\dlls\pe_wpn_p225.cpp">
      <Filter>Source Files\hl</Filter>
    </ClCompile>
    <ClCompile Include="..\dlls\pe_wpn_sig550.cpp">
      <Filter>Source Files\hl</Filter>
    </ClCompile>
    <ClCompile Include="..\dlls\pe_wpn_spas12.cpp">
      <Filter>Source Files\hl</Filter>
    </ClCompile>
    <ClCompile Include="..\dlls\pe_wpn_stoner.cpp">
      <Filter>Source Files\hl</Filter>
    </ClCompile>
    <ClCompile Include="..\dlls\pe_wpn_tavor.cpp">
      <Filter>Source Files\hl</Filter>
    </ClCompile>
    <ClCompile Include="..\dlls\pe_wpn_usp.cpp">
      <Filter>Source Files\hl</Filter>
    </ClCompile>
    <ClCompile Include="..\game_shared\vgui_scrollbar2.cpp">
      <Filter>Source Files\hl</Filter>
    </ClCompile>
    <ClCompile Include="..\game_shared\vgui_slider2.cpp">
      <Filter>Source Files\hl</Filter>
    </ClCompile>
    <ClCompile Include="..\game_shared\voice_banmgr.cpp">
      <Filter>Source Files\hl</Filter>
    </ClCompile>
    <ClCompile Include="..\game_shared\voice_status.cpp">
      <Filter>Source Files\hl</Filter>
    </ClCompile>
    <ClCompile Include="..\game_shared\voice_vgui_tweakdlg.cpp">
      <Filter>Source Files\hl</Filter>
    </ClCompile>
  </ItemGroup>
  <ItemGroup>
    <ClInclude Include="parsemsg.h">
      <Filter>Source Files</Filter>
    </ClInclude>
    <ClInclude Include="..\dlls\pe_wpn_slotid.h">
      <Filter>Source Files\hl</Filter>
    </ClInclude>
    <ClInclude Include="ammo.h">
      <Filter>Header Files</Filter>
    </ClInclude>
    <ClInclude Include="ammohistory.h">
      <Filter>Header Files</Filter>
    </ClInclude>
    <ClInclude Include="bb_blood.h">
      <Filter>Header Files</Filter>
    </ClInclude>
    <ClInclude Include="bb_sprays.h">
      <Filter>Header Files</Filter>
    </ClInclude>
    <ClInclude Include="camera.h">
      <Filter>Header Files</Filter>
    </ClInclude>
    <ClInclude Include="cl_dll.h">
      <Filter>Header Files</Filter>
    </ClInclude>
    <ClInclude Include="cl_util.h">
      <Filter>Header Files</Filter>
    </ClInclude>
    <ClInclude Include="com_weapons.h">
      <Filter>Header Files</Filter>
    </ClInclude>
    <ClInclude Include="demo.h">
      <Filter>Header Files</Filter>
    </ClInclude>
    <ClInclude Include="ev_hldm.h">
      <Filter>Header Files</Filter>
    </ClInclude>
    <ClInclude Include="eventscripts.h">
      <Filter>Header Files</Filter>
    </ClInclude>

    <ClInclude Include="GameStudioModelRenderer.h">
      <Filter>Header Files</Filter>
    </ClInclude>
    <ClInclude Include="health.h">
      <Filter>Header Files</Filter>
    </ClInclude>
    <ClInclude Include="hud.h">
      <Filter>Header Files</Filter>
    </ClInclude>
    <ClInclude Include="hud_iface.h">
      <Filter>Header Files</Filter>
    </ClInclude>
    <ClInclude Include="hud_servers.h">
      <Filter>Header Files</Filter>
    </ClInclude>
    <ClInclude Include="hud_servers_priv.h">
      <Filter>Header Files</Filter>
    </ClInclude>
    <ClInclude Include="hud_spectator.h">
      <Filter>Header Files</Filter>
    </ClInclude>
    <ClInclude Include="in_defs.h">
      <Filter>Header Files</Filter>
    </ClInclude>
    <ClInclude Include="..\common\itrackeruser.h">
      <Filter>Header Files</Filter>
    </ClInclude>
    <ClInclude Include="kbutton.h">
      <Filter>Header Files</Filter>
    </ClInclude>
    <ClInclude Include="overview.h">
      <Filter>Header Files</Filter>
    </ClInclude>
    <ClInclude Include="pe_fader.h">
      <Filter>Header Files</Filter>
    </ClInclude>
    <ClInclude Include="pe_font.h">
      <Filter>Header Files</Filter>
    </ClInclude>
    <ClInclude Include="pe_help_topics.h">
      <Filter>Header Files</Filter>
    </ClInclude>
    <ClInclude Include="pe_helper.h">
      <Filter>Header Files</Filter>
    </ClInclude>
    <ClInclude Include="..\dlls\pe_notify.h">
      <Filter>Header Files</Filter>
    </ClInclude>
    <ClInclude Include="pe_playlis.h">
      <Filter>Header Files</Filter>
    </ClInclude>
    <ClInclude Include="pe_playlist.h">
      <Filter>Header Files</Filter>
    </ClInclude>
    <ClInclude Include="pe_pointmgr.h">
      <Filter>Header Files</Filter>
    </ClInclude>
    <ClInclude Include="pe_rain.h">
      <Filter>Header Files</Filter>
    </ClInclude>
    <ClInclude Include="..\pm_shared\pm_debug.h">
      <Filter>Header Files</Filter>
    </ClInclude>
    <ClInclude Include="..\pm_shared\pm_defs.h">
      <Filter>Header Files</Filter>
    </ClInclude>
    <ClInclude Include="..\pm_shared\pm_info.h">
      <Filter>Header Files</Filter>
    </ClInclude>
    <ClInclude Include="..\pm_shared\pm_materials.h">
      <Filter>Header Files</Filter>
    </ClInclude>
    <ClInclude Include="..\pm_shared\pm_movevars.h">
      <Filter>Header Files</Filter>
    </ClInclude>
    <ClInclude Include="..\pm_shared\pm_shared.h">
      <Filter>Header Files</Filter>
    </ClInclude>
    <ClInclude Include="studio_util.h">
      <Filter>Header Files</Filter>
    </ClInclude>
    <ClInclude Include="StudioModelRenderer.h">
      <Filter>Header Files</Filter>
    </ClInclude>
    <ClInclude Include="util.h">
      <Filter>Header Files</Filter>
    </ClInclude>
    <ClInclude Include="util_vector.h">
      <Filter>Header Files</Filter>
    </ClInclude>
    <ClInclude Include="vgui_ConsolePanel.h">
      <Filter>Header Files</Filter>
    </ClInclude>
    <ClInclude Include="vgui_ControlConfigPanel.h">
      <Filter>Header Files</Filter>
    </ClInclude>
    <ClInclude Include="vgui_int.h">
      <Filter>Header Files</Filter>
    </ClInclude>
    <ClInclude Include="vgui_SchemeManager.h">
      <Filter>Header Files</Filter>
    </ClInclude>
    <ClInclude Include="vgui_ScorePanel.h">
      <Filter>Header Files</Filter>
    </ClInclude>
    <ClInclude Include="vgui_ServerBrowser.h">
      <Filter>Header Files</Filter>
    </ClInclude>
    <ClInclude Include="vgui_TeamFortressViewport.h">
      <Filter>Header Files</Filter>
    </ClInclude>
    <ClInclude Include="view.h">
      <Filter>Header Files</Filter>
    </ClInclude>
    <ClInclude Include="..\game_shared\voice_banmgr.h">
      <Filter>Header Files</Filter>
    </ClInclude>
    <ClInclude Include="..\game_shared\voice_status.h">
      <Filter>Header Files</Filter>
    </ClInclude>
    <ClInclude Include="..\game_shared\voice_vgui_tweakdlg.h">
      <Filter>Header Files</Filter>
    </ClInclude>
    <ClInclude Include="wrect.h">
      <Filter>Header Files</Filter>
    </ClInclude>
  </ItemGroup>
</Project>